
Microsoft Visual Studio Solution File, Format Version 12.00
# Visual Studio 15
VisualStudioVersion = 15.0.27130.2027
MinimumVisualStudioVersion = 10.0.40219.1
Project("{FAE04EC0-301F-11D3-BF4B-00C04F79EFBC}") = "TatliForm", "TatliForm\TatliForm.csproj", "{4CE063CD-F3DF-4735-8132-9968A46CD398}"
EndProject
Project("{FAE04EC0-301F-11D3-BF4B-00C04F79EFBC}") = "TatliOtomasyon.ORM", "TatliOtomasyon.ORM\TatliOtomasyon.ORM.csproj", "{02A7C0D5-344B-4D33-B3C6-7D0CA72D42C4}"
EndProject
Global
	GlobalSection(SolutionConfigurationPlatforms) = preSolution
		Debug|Any CPU = Debug|Any CPU
		Release|Any CPU = Release|Any CPU
	EndGlobalSection
	GlobalSection(ProjectConfigurationPlatforms) = postSolution
		{4CE063CD-F3DF-4735-8132-9968A46CD398}.Debug|Any CPU.ActiveCfg = Debug|Any CPU
		{4CE063CD-F3DF-4735-8132-9968A46CD398}.Debug|Any CPU.Build.0 = Debug|Any CPU
		{4CE063CD-F3DF-4735-8132-9968A46CD398}.Release|Any CPU.ActiveCfg = Release|Any CPU
		{4CE063CD-F3DF-4735-8132-9968A46CD398}.Release|Any CPU.Build.0 = Release|Any CPU
		{02A7C0D5-344B-4D33-B3C6-7D0CA72D42C4}.Debug|Any CPU.ActiveCfg = Debug|Any CPU
		{02A7C0D5-344B-4D33-B3C6-7D0CA72D42C4}.Debug|Any CPU.Build.0 = Debug|Any CPU
		{02A7C0D5-344B-4D33-B3C6-7D0CA72D42C4}.Release|Any CPU.ActiveCfg = Release|Any CPU
		{02A7C0D5-344B-4D33-B3C6-7D0CA72D42C4}.Release|Any CPU.Build.0 = Release|Any CPU
	EndGlobalSection
	GlobalSection(SolutionProperties) = preSolution
		HideSolutionNode = FALSE
	EndGlobalSection
	GlobalSection(ExtensibilityGlobals) = postSolution
		SolutionGuid = {7B0504A3-C275-4F53-9770-E4B3B96AC811}
	EndGlobalSection
EndGlobal
